github.com/CloudyKit/fastprinter v0.0.0-20170127035650-74b38d55f37a h1:3SgJcK9l5uPdBC/X17wanyJAMxM33+4ZhEIV96MIH8U=
github.com/CloudyKit/fastprinter v0.0.0-20170127035650-74b38d55f37a/go.mod h1:EFZQ978U7x8IRnstaskI3IysnWY5Ao3QgZUKOXlsAdw=
github.com/CloudyKit/jet v2.1.2+incompatible h1:ybZoYzMBdoijK6I+Ke3vg9GZsmlKo/ZhKdNMWz0P26c=
github.com/CloudyKit/jet v2.1.2+incompatible/go.mod h1:HPYO+50pSWkPoj9Q/eq0aRGByCL6ScRlUmiEX5Zgm+w=
github.com/asccclass/sherrydb v0.0.0-20191113020658-0b86edb95f9e h1:4bOyU8xOFwog0wtUI366ynB+1ohpWNSyZV3dA2c2Pgw=
github.com/asccclass/sherrydb v0.0.0-20191113020658-0b86edb95f9e/go.mod h1:dqnH/JmWHiCDcWnmYdL6+nadZ24h1GSWF+kWZ2+3BRU=
github.com/asccclass/sherryschema v0.0.0-20191107011121-b57e731ac726 h1:zPgcwZ6oGAnoay0Javh+X1S3uYmG87XdbR9Wm8wrr/A=
github.com/asccclass/sherryschema v0.0.0-20191107011121-b57e731ac726/go.mod h1:le7lHn2AT/TSF0LZFUCVgjX5oEevUEd1b52FW4b3drc=
github.com/go-sql-driver/mysql v1.4.1 h1:g24URVg0OFbNUTx9qqY1IRZ9D9z3iPyi5zKhQZpNwpA=
github.com/go-sql-driver/mysql v1.4.1/go.mod h1:zAC/RDZ24gD3HViQzih4MyKcchzm+sOG5ZlKdlhCg5w=
github.com/gorilla/mux v1.7.3 h1:gnP5JzjVOuiZD07fKKToCAOjS0yOpj/qPETTXCCS6hw=
github.com/gorilla/mux v1.7.3/go.mod h1:1lud6UwP+6orDFRuTfBEV8e9/aOM/c4fVVCaMa2zaAs=
